// !$*UTF8*$!
{
	archiveVersion = 1;
	classes = {
	};
	objectVersion = 50;
	objects = {

/* Begin PBXBuildFile section */
		C4ECBAA5273281BB002FB237 /* QRScannerAppApp.swift in Sources */ = {isa = PBXBuildFile; fileRef = C4ECBA92273281AE002FB237 /* QRScannerAppApp.swift */; };
		C4ECBAA6273281BB002FB237 /* QRScannerAppApp.swift in Sources */ = {isa = PBXBuildFile; fileRef = C4ECBA92273281AE002FB237 /* QRScannerAppApp.swift */; };
		C4ECBAA7273281BB002FB237 /* ContentView.swift in Sources */ = {isa = PBXBuildFile; fileRef = C4ECBA93273281AE002FB237 /* ContentView.swift */; };
		C4ECBAA8273281BB002FB237 /* ContentView.swift in Sources */ = {isa = PBXBuildFile; fileRef = C4ECBA93273281AE002FB237 /* ContentView.swift */; };
		C4ECBAA9273281BB002FB237 /* Assets.xcassets in Resources */ = {isa = PBXBuildFile; fileRef = C4ECBA94273281BA002FB237 /* Assets.xcassets */; };
		C4ECBAAA273281BB002FB237 /* Assets.xcassets in Resources */ = {isa = PBXBuildFile; fileRef = C4ECBA94273281BA002FB237 /* Assets.xcassets */; };
/* End PBXBuildFile section */

/* Begin PBXFileReference section */
		C4ECBA92273281AE002FB237 /* QRScannerAppApp.swift */ = {isa = PBXFileReference; lastKnownFileType = sourcecode.swift; path = QRScannerAppApp.swift; sourceTree = "<group>"; };
		C4ECBA93273281AE002FB237 /* ContentView.swift */ = {isa = PBXFileReference; lastKnownFileType = sourcecode.swift; path = ContentView.swift; sourceTree = "<group>"; };
		C4ECBA94273281BA002FB237 /* Assets.xcassets */ = {isa = PBXFileReference; lastKnownFileType = folder.assetcatalog; path = Assets.xcassets; sourceTree = "<group>"; };
		C4ECBA99273281BB002FB237 /* QRScannerApp.app */ = {isa = PBXFileReference; explicitFileType = wrapper.application; includeInIndex = 0; path = QRScannerApp.app; sourceTree = BUILT_PRODUCTS_DIR; };
		C4ECBA9C273281BB002FB237 /* Info.plist */ = {isa = PBXFileReference; lastKnownFileType = text.plist.xml; path = Info.plist; sourceTree = "<group>"; };
		C4ECBAA1273281BB002FB237 /* QRScannerApp.app */ = {isa = PBXFileReference; explicitFileType = wrapper.application; includeInIndex = 0; path = QRScannerApp.app; sourceTree = BUILT_PRODUCTS_DIR; };
		C4ECBAA3273281BB002FB237 /* Info.plist */ = {isa = PBXFileReference; lastKnownFileType = text.plist.xml; path = Info.plist; sourceTree = "<group>"; };
		C4ECBAA4273281BB002FB237 /* macOS.entitlements */ = {isa = PBXFileReference; lastKnownFileType = text.plist.entitlements; path = macOS.entitlements; sourceTree = "<group>"; };
/* End PBXFileReference section */

/* Begin PBXFrameworksBuildPhase section */
		C4ECBA96273281BB002FB237 /* Frameworks */ = {
			isa = PBXFrameworksBuildPhase;
			buildActionMask = 2147483647;
			files = (
			);
			runOnlyForDeploymentPostprocessing = 0;
		};
		C4ECBA9E273281BB002FB237 /* Frameworks */ = {
			isa = PBXFrameworksBuildPhase;
			buildActionMask = 2147483647;
			files = (
			);
			runOnlyForDeploymentPostprocessing = 0;
		};
/* End PBXFrameworksBuildPhase section */

/* Begin PBXGroup section */
		C4ECBA8C273281AE002FB237 = {
			isa = PBXGroup;
			children = (
				C4ECBA91273281AE002FB237 /* Shared */,
				C4ECBA9B273281BB002FB237 /* iOS */,
				C4ECBAA2273281BB002FB237 /* macOS */,
				C4ECBA9A273281BB002FB237 /* Products */,
			);
			sourceTree = "<group>";
		};
		C4ECBA91273281AE002FB237 /* Shared */ = {
			isa = PBXGroup;
			children = (
				C4ECBA92273281AE002FB237 /* QRScannerAppApp.swift */,
				C4ECBA93273281AE002FB237 /* ContentView.swift */,
				C4ECBA94273281BA002FB237 /* Assets.xcassets */,
			);
			path = Shared;
			sourceTree = "<group>";
		};
		C4ECBA9A273281BB002FB237 /* Products */ = {
			isa = PBXGroup;
			children = (
				C4ECBA99273281BB002FB237 /* QRScannerApp.app */,
				C4ECBAA1273281BB002FB237 /* QRScannerApp.app */,
			);
			name = Products;
			sourceTree = "<group>";
		};
		C4ECBA9B273281BB002FB237 /* iOS */ = {
			isa = PBXGroup;
			children = (
				C4ECBA9C273281BB002FB237 /* Info.plist */,
			);
			path = iOS;
			sourceTree = "<group>";
		};
		C4ECBAA2273281BB002FB237 /* macOS */ = {
			isa = PBXGroup;
			children = (
				C4ECBAA3273281BB002FB237 /* Info.plist */,
				C4ECBAA4273281BB002FB237 /* macOS.entitlements */,
			);
			path = macOS;
			sourceTree = "<group>";
		};
/* End PBXGroup section */

/* Begin PBXNativeTarget section */
		C4ECBA98273281BB002FB237 /* QRScannerApp (iOS) */ = {
			isa = PBXNativeTarget;
			buildConfigurationList = C4ECBAAD273281BB002FB237 /* Build configuration list for PBXNativeTarget "QRScannerApp (iOS)" */;
			buildPhases = (
				C4ECBA95273281BB002FB237 /* Sources */,
				C4ECBA96273281BB002FB237 /* Frameworks */,
				C4ECBA97273281BB002FB237 /* Resources */,
			);
			buildRules = (
			);
			dependencies = (
			);
			name = "QRScannerApp (iOS)";
			productName = "QRScannerApp (iOS)";
			productReference = C4ECBA99273281BB002FB237 /* QRScannerApp.app */;
			productType = "com.apple.product-type.application";
		};
		C4ECBAA0273281BB002FB237 /* QRScannerApp (macOS) */ = {
			isa = PBXNativeTarget;
			buildConfigurationList = C4ECBAB0273281BB002FB237 /* Build configuration list for PBXNativeTarget "QRScannerApp (macOS)" */;
			buildPhases = (
				C4ECBA9D273281BB002FB237 /* Sources */,
				C4ECBA9E273281BB002FB237 /* Frameworks */,
				C4ECBA9F273281BB002FB237 /* Resources */,
			);
			buildRules = (
			);
			dependencies = (
			);
			name = "QRScannerApp (macOS)";
			productName = "QRScannerApp (macOS)";
			productReference = C4ECBAA1273281BB002FB237 /* QRScannerApp.app */;
			productType = "com.apple.product-type.application";
		};
/* End PBXNativeTarget section */

/* Begin PBXProject section */
		C4ECBA8D273281AE002FB237 /* Project object */ = {
			isa = PBXProject;
			attributes = {
				LastSwiftUpdateCheck = 1240;
				LastUpgradeCheck = 1240;
				TargetAttributes = {
					C4ECBA98273281BB002FB237 = {
						CreatedOnToolsVersion = 12.4;
					};
					C4ECBAA0273281BB002FB237 = {
						CreatedOnToolsVersion = 12.4;
					};
				};
			};
			buildConfigurationList = C4ECBA90273281AE002FB237 /* Build configuration list for PBXProject "QRScannerApp" */;
			compatibilityVersion = "Xcode 9.3";
			developmentRegion = en;
			hasScannedForEncodings = 0;
			knownRegions = (
				en,
				Base,
			);
			mainGroup = C4ECBA8C273281AE002FB237;
			productRefGroup = C4ECBA9A273281BB002FB237 /* Products */;
			projectDirPath = "";
			projectRoot = "";
			targets = (
				C4ECBA98273281BB002FB237 /* QRScannerApp (iOS) */,
				C4ECBAA0273281BB002FB237 /* QRScannerApp (macOS) */,
			);
		};
/* End PBXProject section */

/* Begin PBXResourcesBuildPhase section */
		C4ECBA97273281BB002FB237 /* Resources */ = {
			isa = PBXResourcesBuildPhase;
			buildActionMask = 2147483647;
			files = (
				C4ECBAA9273281BB002FB237 /* Assets.xcassets in Resources */,
			);
			runOnlyForDeploymentPostprocessing = 0;
		};
		C4ECBA9F273281BB002FB237 /* Resources */ = {
			isa = PBXResourcesBuildPhase;
			buildActionMask = 2147483647;
			files = (
				C4ECBAAA273281BB002FB237 /* Assets.xcassets in Resources */,
			);
			runOnlyForDeploymentPostprocessing = 0;
		};
/* End PBXResourcesBuildPhase section */

/* Begin PBXSourcesBuildPhase section */
		C4ECBA95273281BB002FB237 /* Sources */ = {
			isa = PBXSourcesBuildPhase;
			buildActionMask = 2147483647;
			files = (
				C4ECBAA7273281BB002FB237 /* ContentView.swift in Sources */,
				C4ECBAA5273281BB002FB237 /* QRScannerAppApp.swift in Sources */,
			);
			runOnlyForDeploymentPostprocessing = 0;
		};
		C4ECBA9D273281BB002FB237 /* Sources */ = {
			isa = PBXSourcesBuildPhase;
			buildActionMask = 2147483647;
			files = (
				C4ECBAA8273281BB002FB237 /* ContentView.swift in Sources */,
				C4ECBAA6273281BB002FB237 /* QRScannerAppApp.swift in Sources */,
			);
			runOnlyForDeploymentPostprocessing = 0;
		};
/* End PBXSourcesBuildPhase section */

/* Begin XCBuildConfiguration section */
		C4ECBAAB273281BB002FB237 /* Debug */ = {
			isa = XCBuildConfiguration;
			buildSettings = {
				ALWAYS_SEARCH_USER_PATHS = NO;
				CLANG_ANALYZER_NONNULL = YES;
				CLANG_ANALYZER_NUMBER_OBJECT_CONVERSION = YES_AGGRESSIVE;
				CLANG_CXX_LANGUAGE_STANDARD = "gnu++14";
				CLANG_CXX_LIBRARY = "libc++";
				CLANG_ENABLE_MODULES = YES;
				CLANG_ENABLE_OBJC_ARC = YES;
				CLANG_ENABLE_OBJC_WEAK = YES;
				CLANG_WARN_BLOCK_CAPTURE_AUTORELEASING = YES;
				CLANG_WARN_BOOL_CONVERSION = YES;
				CLANG_WARN_COMMA = YES;
				CLANG_WARN_CONSTANT_CONVERSION = YES;
				CLANG_WARN_DEPRECATED_OBJC_IMPLEMENTATIONS = YES;
				CLANG_WARN_DIRECT_OBJC_ISA_USAGE = YES_ERROR;
				CLANG_WARN_DOCUMENTATION_COMMENTS = YES;
				CLANG_WARN_EMPTY_BODY = YES;
				CLANG_WARN_ENUM_CONVERSION = YES;
				CLANG_WARN_INFINITE_RECURSION = YES;
				CLANG_WARN_INT_CONVERSION = YES;
				CLANG_WARN_NON_LITERAL_NULL_CONVERSION = YES;
				CLANG_WARN_OBJC_IMPLICIT_RETAIN_SELF = YES;
				CLANG_WARN_OBJC_LITERAL_CONVERSION = YES;
				CLANG_WARN_OBJC_ROOT_CLASS = YES_ERROR;
				CLANG_WARN_QUOTED_INCLUDE_IN_FRAMEWORK_HEADER = YES;
				CLANG_WARN_RANGE_LOOP_ANALYSIS = YES;
				CLANG_WARN_STRICT_PROTOTYPES = YES;
				CLANG_WARN_SUSPICIOUS_MOVE = YES;
				CLANG_WARN_UNGUARDED_AVAILABILITY = YES_AGGRESSIVE;
				CLANG_WARN_UNREACHABLE_CODE = YES;
				CLANG_WARN__DUPLICATE_METHOD_MATCH = YES;
				COPY_PHASE_STRIP = NO;
				DEBUG_INFORMATION_FORMAT = dwarf;
				ENABLE_STRICT_OBJC_MSGSEND = YES;
				ENABLE_TESTABILITY = YES;
				GCC_C_LANGUAGE_STANDARD = gnu11;
				GCC_DYNAMIC_NO_PIC = NO;
				GCC_NO_COMMON_BLOCKS = YES;
				GCC_OPTIMIZATION_LEVEL = 0;
				GCC_PREPROCESSOR_DEFINITIONS = (
					"DEBUG=1",
					"$(inherited)",
				);
				GCC_WARN_64_TO_32_BIT_CONVERSION = YES;
				GCC_WARN_ABOUT_RETURN_TYPE = YES_ERROR;
				GCC_WARN_UNDECLARED_SELECTOR = YES;
				GCC_WARN_UNINITIALIZED_AUTOS = YES_AGGRESSIVE;
				GCC_WARN_UNUSED_FUNCTION = YES;
				GCC_WARN_UNUSED_VARIABLE = YES;
				MTL_ENABLE_DEBUG_INFO = INCLUDE_SOURCE;
				MTL_FAST_MATH = YES;
				ONLY_ACTIVE_ARCH = YES;
				SWIFT_ACTIVE_COMPILATION_CONDITIONS = DEBUG;
				SWIFT_OPTIMIZATION_LEVEL = "-Onone";
			};
			name = Debug;
		};
		C4ECBAAC273281BB002FB237 /* Release */ = {
			isa = XCBuildConfiguration;
			buildSettings = {
				ALWAYS_SEARCH_USER_PATHS = NO;
				CLANG_ANALYZER_NONNULL = YES;
				CLANG_ANALYZER_NUMBER_OBJECT_CONVERSION = YES_AGGRESSIVE;
				CLANG_CXX_LANGUAGE_STANDARD = "gnu++14";
				CLANG_CXX_LIBRARY = "libc++";
				CLANG_ENABLE_MODULES = YES;
				CLANG_ENABLE_OBJC_ARC = YES;
				CLANG_ENABLE_OBJC_WEAK = YES;
				CLANG_WARN_BLOCK_CAPTURE_AUTORELEASING = YES;
				CLANG_WARN_BOOL_CONVERSION = YES;
				CLANG_WARN_COMMA = YES;
				CLANG_WARN_CONSTANT_CONVERSION = YES;
				CLANG_WARN_DEPRECATED_OBJC_IMPLEMENTATIONS = YES;
				CLANG_WARN_DIRECT_OBJC_ISA_USAGE = YES_ERROR;
				CLANG_WARN_DOCUMENTATION_COMMENTS = YES;
				CLANG_WARN_EMPTY_BODY = YES;
				CLANG_WARN_ENUM_CONVERSION = YES;
				CLANG_WARN_INFINITE_RECURSION = YES;
				CLANG_WARN_INT_CONVERSION = YES;
				CLANG_WARN_NON_LITERAL_NULL_CONVERSION = YES;
				CLANG_WARN_OBJC_IMPLICIT_RETAIN_SELF = YES;
				CLANG_WARN_OBJC_LITERAL_CONVERSION = YES;
				CLANG_WARN_OBJC_ROOT_CLASS = YES_ERROR;
				CLANG_WARN_QUOTED_INCLUDE_IN_FRAMEWORK_HEADER = YES;
				CLANG_WARN_RANGE_LOOP_ANALYSIS = YES;
				CLANG_WARN_STRICT_PROTOTYPES = YES;
				CLANG_WARN_SUSPICIOUS_MOVE = YES;
				CLANG_WARN_UNGUARDED_AVAILABILITY = YES_AGGRESSIVE;
				CLANG_WARN_UNREACHABLE_CODE = YES;
				CLANG_WARN__DUPLICATE_METHOD_MATCH = YES;
				COPY_PHASE_STRIP = NO;
				DEBUG_INFORMATION_FORMAT = "dwarf-with-dsym";
				ENABLE_NS_ASSERTIONS = NO;
				ENABLE_STRICT_OBJC_MSGSEND = YES;
				GCC_C_LANGUAGE_STANDARD = gnu11;
				GCC_NO_COMMON_BLOCKS = YES;
				GCC_WARN_64_TO_32_BIT_CONVERSION = YES;
				GCC_WARN_ABOUT_RETURN_TYPE = YES_ERROR;
				GCC_WARN_UNDECLARED_SELECTOR = YES;
				GCC_WARN_UNINITIALIZED_AUTOS = YES_AGGRESSIVE;
				GCC_WARN_UNUSED_FUNCTION = YES;
				GCC_WARN_UNUSED_VARIABLE = YES;
				MTL_ENABLE_DEBUG_INFO = NO;
				MTL_FAST_MATH = YES;
				SWIFT_COMPILATION_MODE = wholemodule;
				SWIFT_OPTIMIZATION_LEVEL = "-O";
			};
			name = Release;
		};
		C4ECBAAE273281BB002FB237 /* Debug */ = {
			isa = XCBuildConfiguration;
			buildSettings = {
				ASSETCATALOG_COMPILER_APPICON_NAME = AppIcon;
				ASSETCATALOG_COMPILER_GLOBAL_ACCENT_COLOR_NAME = AccentColor;
				CODE_SIGN_STYLE = Automatic;
				DEVELOPMENT_TEAM = 3V2683BM8T;
				ENABLE_PREVIEWS = YES;
				INFOPLIST_FILE = iOS/Info.plist;
				IPHONEOS_DEPLOYMENT_TARGET = 14.0;
				LD_RUNPATH_SEARCH_PATHS = (
					"$(inherited)",
					"@executable_path/Frameworks",
				);
				PRODUCT_BUNDLE_IDENTIFIER = io.ionic.starter.QRScannerApp;
				PRODUCT_NAME = QRScannerApp;
				SDKROOT = iphoneos;
				SWIFT_VERSION = 5.0;
				TARGETED_DEVICE_FAMILY = "1,2";
			};
			name = Debug;
		};
		C4ECBAAF273281BB002FB237 /* Release */ = {
			isa = XCBuildConfiguration;
			buildSettings = {
				ASSETCATALOG_COMPILER_APPICON_NAME = AppIcon;
				ASSETCATALOG_COMPILER_GLOBAL_ACCENT_COLOR_NAME = AccentColor;
				CODE_SIGN_STYLE = Automatic;
				DEVELOPMENT_TEAM = 3V2683BM8T;
				ENABLE_PREVIEWS = YES;
				INFOPLIST_FILE = iOS/Info.plist;
				IPHONEOS_DEPLOYMENT_TARGET = 14.0;
				LD_RUNPATH_SEARCH_PATHS = (
					"$(inherited)",
					"@executable_path/Frameworks",
				);
				PRODUCT_BUNDLE_IDENTIFIER = io.ionic.starter.QRScannerApp;
				PRODUCT_NAME = QRScannerApp;
				SDKROOT = iphoneos;
				SWIFT_VERSION = 5.0;
				TARGETED_DEVICE_FAMILY = "1,2";
				VALIDATE_PRODUCT = YES;
			};
			name = Release;
		};
		C4ECBAB1273281BB002FB237 /* Debug */ = {
			isa = XCBuildConfiguration;
			buildSettings = {
				ASSETCATALOG_COMPILER_APPICON_NAME = AppIcon;
				ASSETCATALOG_COMPILER_GLOBAL_ACCENT_COLOR_NAME = AccentColor;
				CODE_SIGN_ENTITLEMENTS = macOS/macOS.entitlements;
				CODE_SIGN_STYLE = Automatic;
				COMBINE_HIDPI_IMAGES = YES;
				DEVELOPMENT_TEAM = 3V2683BM8T;
				ENABLE_HARDENED_RUNTIME = YES;
				ENABLE_PREVIEWS = YES;
				INFOPLIST_FILE = macOS/Info.plist;
				LD_RUNPATH_SEARCH_PATHS = (
					"$(inherited)",
					"@executable_path/../Frameworks",
				);
				MACOSX_DEPLOYMENT_TARGET = 11.0;
				PRODUCT_BUNDLE_IDENTIFIER = io.ionic.starter.QRScannerApp;
				PRODUCT_NAME = QRScannerApp;
				SDKROOT = macosx;
				SWIFT_VERSION = 5.0;
			};
			name = Debug;
		};
		C4ECBAB2273281BB002FB237 /* Release */ = {
			isa = XCBuildConfiguration;
			buildSettings = {
				ASSETCATALOG_COMPILER_APPICON_NAME = AppIcon;
				ASSETCATALOG_COMPILER_GLOBAL_ACCENT_COLOR_NAME = AccentColor;
				CODE_SIGN_ENTITLEMENTS = macOS/macOS.entitlements;
				CODE_SIGN_STYLE = Automatic;
				COMBINE_HIDPI_IMAGES = YES;
				DEVELOPMENT_TEAM = 3V2683BM8T;
				ENABLE_HARDENED_RUNTIME = YES;
				ENABLE_PREVIEWS = YES;
				INFOPLIST_FILE = macOS/Info.plist;
				LD_RUNPATH_SEARCH_PATHS = (
					"$(inherited)",
					"@executable_path/../Frameworks",
				);
				MACOSX_DEPLOYMENT_TARGET = 11.0;
				PRODUCT_BUNDLE_IDENTIFIER = io.ionic.starter.QRScannerApp;
				PRODUCT_NAME = QRScannerApp;
				SDKROOT = macosx;
				SWIFT_VERSION = 5.0;
			};
			name = Release;
		};
/* End XCBuildConfiguration section */

/* Begin XCConfigurationList section */
		C4ECBA90273281AE002FB237 /* Build configuration list for PBXProject "QRScannerApp" */ = {
			isa = XCConfigurationList;
			buildConfigurations = (
				C4ECBAAB273281BB002FB237 /* Debug */,
				C4ECBAAC273281BB002FB237 /* Release */,
			);
			defaultConfigurationIsVisible = 0;
			defaultConfigurationName = Release;
		};
		C4ECBAAD273281BB002FB237 /* Build configuration list for PBXNativeTarget "QRScannerApp (iOS)" */ = {
			isa = XCConfigurationList;
			buildConfigurations = (
				C4ECBAAE273281BB002FB237 /* Debug */,
				C4ECBAAF273281BB002FB237 /* Release */,
			);
			defaultConfigurationIsVisible = 0;
			defaultConfigurationName = Release;
		};
		C4ECBAB0273281BB002FB237 /* Build configuration list for PBXNativeTarget "QRScannerApp (macOS)" */ = {
			isa = XCConfigurationList;
			buildConfigurations = (
				C4ECBAB1273281BB002FB237 /* Debug */,
				C4ECBAB2273281BB002FB237 /* Release */,
			);
			defaultConfigurationIsVisible = 0;
			defaultConfigurationName = Release;
		};
/* End XCConfigurationList section */
	};
	rootObject = C4ECBA8D273281AE002FB237 /* Project object */;
}
